
Microsoft Visual Studio Solution File, Format Version 12.00
# Visual Studio Version 17
VisualStudioVersion = 17.9.34414.90
MinimumVisualStudioVersion = 10.0.40219.1
Project("{9A19103F-16F7-4668-BE54-9A1E7A4F7556}") = "MauiBuildAcceleration", "MauiBuildAcceleration\MauiBuildAcceleration.csproj", "{F103FD6C-EA22-42C2-9A1D-ACCA734FE93A}"
EndProject
Project("{FAE04EC0-301F-11D3-BF4B-00C04F79EFBC}") = "MauilClassLibrary", "MauilClassLibrary\MauilClassLibrary.csproj", "{E8B9395D-D5DB-4DCD-9818-679A003395DF}"
EndProject
Global
	GlobalSection(SolutionConfigurationPlatforms) = preSolution
		Debug|Any CPU = Debug|Any CPU
		Release|Any CPU = Release|Any CPU
	EndGlobalSection
	GlobalSection(ProjectConfigurationPlatforms) = postSolution
		{F103FD6C-EA22-42C2-9A1D-ACCA734FE93A}.Debug|Any CPU.ActiveCfg = Debug|Any CPU
		{F103FD6C-EA22-42C2-9A1D-ACCA734FE93A}.Debug|Any CPU.Build.0 = Debug|Any CPU
		{F103FD6C-EA22-42C2-9A1D-ACCA734FE93A}.Debug|Any CPU.Deploy.0 = Debug|Any CPU
		{F103FD6C-EA22-42C2-9A1D-ACCA734FE93A}.Release|Any CPU.ActiveCfg = Release|Any CPU
		{F103FD6C-EA22-42C2-9A1D-ACCA734FE93A}.Release|Any CPU.Build.0 = Release|Any CPU
		{F103FD6C-EA22-42C2-9A1D-ACCA734FE93A}.Release|Any CPU.Deploy.0 = Release|Any CPU
		{E8B9395D-D5DB-4DCD-9818-679A003395DF}.Debug|Any CPU.ActiveCfg = Debug|Any CPU
		{E8B9395D-D5DB-4DCD-9818-679A003395DF}.Debug|Any CPU.Build.0 = Debug|Any CPU
		{E8B9395D-D5DB-4DCD-9818-679A003395DF}.Release|Any CPU.ActiveCfg = Release|Any CPU
		{E8B9395D-D5DB-4DCD-9818-679A003395DF}.Release|Any CPU.Build.0 = Release|Any CPU
	EndGlobalSection
	GlobalSection(SolutionProperties) = preSolution
		HideSolutionNode = FALSE
	EndGlobalSection
	GlobalSection(ExtensibilityGlobals) = postSolution
		SolutionGuid = {9D682C8F-EABC-4168-92BF-DA66BD4B3A61}
	EndGlobalSection
EndGlobal
